
Microsoft Visual Studio Solution File, Format Version 12.00
# Visual Studio Version 16
VisualStudioVersion = 16.0.30804.86
MinimumVisualStudioVersion = 10.0.40219.1
Project("{2150E333-8FDC-42A3-9474-1A3956D46DE8}") = "Layers", "Layers", "{B0269DAE-B0B4-4880-93C1-17246329C9CD}"
EndProject
Project("{9A19103F-16F7-4668-BE54-9A1E7A4F7556}") = "Layers.Entities", "Layers\Entities\Layers.Entities.csproj", "{5E8ADAD2-B30A-4F4B-9C88-E70895A2AE79}"
EndProject
Project("{9A19103F-16F7-4668-BE54-9A1E7A4F7556}") = "Layers.ApplicationServices.Interfaces", "Layers\ApplicationServices.Interfaces\Layers.ApplicationServices.Interfaces.csproj", "{298DD31C-9991-42D9-B18F-ECA2F867FBAC}"
EndProject
Project("{9A19103F-16F7-4668-BE54-9A1E7A4F7556}") = "Layers.Infrastructure.Interfaces", "Layers\Infrastructure.Interfaces\Layers.Infrastructure.Interfaces.csproj", "{5B04D1B0-95E4-4672-9ED8-0F774DC8A8A4}"
EndProject
Project("{9A19103F-16F7-4668-BE54-9A1E7A4F7556}") = "Layers.ApplicationServices.Implementation", "Layers\ApplicationServices.Implementation\Layers.ApplicationServices.Implementation.csproj", "{5390395C-3400-4752-B4A8-ACED1172D462}"
EndProject
Project("{9A19103F-16F7-4668-BE54-9A1E7A4F7556}") = "Layers.DataAccess.MsSql", "Layers\DataAccess.MsSql\Layers.DataAccess.MsSql.csproj", "{2A8DB677-9CB7-4B68-AC5C-E657BF60AD21}"
EndProject
Project("{9A19103F-16F7-4668-BE54-9A1E7A4F7556}") = "Layers.WebApi", "Layers\WebApi\Layers.WebApi.csproj", "{BACE4BA9-C6E6-40C0-A38D-420BAEFB3571}"
EndProject
Project("{2150E333-8FDC-42A3-9474-1A3956D46DE8}") = "Handlers", "Handlers", "{D19DEC3E-E39D-4E9D-9874-BB45C3D3CB91}"
EndProject
Project("{9A19103F-16F7-4668-BE54-9A1E7A4F7556}") = "Handlers.Entities", "Handlers\Entities\Handlers.Entities.csproj", "{6F436942-4F3E-49E6-9CD1-4655E49E1B33}"
EndProject
Project("{9A19103F-16F7-4668-BE54-9A1E7A4F7556}") = "Handlers.Infrastructure.Interfaces", "Handlers\Infrastructure.Interfaces\Handlers.Infrastructure.Interfaces.csproj", "{4D6BC797-DD4E-428E-9FE9-3C7483BCAA54}"
EndProject
Project("{9A19103F-16F7-4668-BE54-9A1E7A4F7556}") = "Handlers.DataAccess.MsSql", "Handlers\DataAccess.MsSql\Handlers.DataAccess.MsSql.csproj", "{B2745584-6214-43A1-87D5-7BB1ADAA38C7}"
EndProject
Project("{9A19103F-16F7-4668-BE54-9A1E7A4F7556}") = "Handlers.ApplicationServices.Interfaces", "Handlers\ApplicationServices.Interfaces\Handlers.ApplicationServices.Interfaces.csproj", "{591D63D9-3E55-4005-A8B5-9AABB568616A}"
EndProject
Project("{9A19103F-16F7-4668-BE54-9A1E7A4F7556}") = "Handlers.ApplicationServices.Implementation", "Handlers\ApplicationServices.Implementation\Handlers.ApplicationServices.Implementation.csproj", "{EAA37695-379A-4A60-8DEB-06FBEE21DB22}"
EndProject
Project("{9A19103F-16F7-4668-BE54-9A1E7A4F7556}") = "Handlers.WebApi", "Handlers\WebApi\Handlers.WebApi.csproj", "{57907590-E711-4EA1-8374-8789092BC441}"
EndProject
Project("{9A19103F-16F7-4668-BE54-9A1E7A4F7556}") = "Handlers.UseCases", "Handlers\UseCases\Handlers.UseCases.csproj", "{19F8A6DA-278C-4134-83C4-48B7B353A6D0}"
EndProject
Project("{9A19103F-16F7-4668-BE54-9A1E7A4F7556}") = "Handlers.CqrsFramework", "Handlers\CqrsFramework\Handlers.CqrsFramework.csproj", "{1214B5AD-062C-470E-BD9A-B4249BF87418}"
EndProject
Project("{9A19103F-16F7-4668-BE54-9A1E7A4F7556}") = "CQ.Entities", "CommandQueries\Entities\CQ.Entities.csproj", "{E5D77D0A-31E5-43B8-8DC8-0B92E8492EBF}"
EndProject
Project("{2150E333-8FDC-42A3-9474-1A3956D46DE8}") = "CommandQueries", "CommandQueries", "{8D379D7F-7773-44DD-A736-04A83816A783}"
EndProject
Project("{9A19103F-16F7-4668-BE54-9A1E7A4F7556}") = "CQ.Infrastructure.Interfaces", "CommandQueries\Infrastructure.Interfaces\CQ.Infrastructure.Interfaces.csproj", "{486D0376-06B5-4C0A-BCA4-5A67780B9758}"
EndProject
Project("{9A19103F-16F7-4668-BE54-9A1E7A4F7556}") = "CQ.DataAccess.MsSql", "CommandQueries\DataAccess.MsSql\CQ.DataAccess.MsSql.csproj", "{711E73FD-9787-4749-9668-63B4AABD3C7B}"
EndProject
Project("{9A19103F-16F7-4668-BE54-9A1E7A4F7556}") = "CQ.UseCases", "CommandQueries\UseCases\CQ.UseCases.csproj", "{CBF1A4F1-1438-4004-B6EC-2BFF943AC6EF}"
EndProject
Project("{9A19103F-16F7-4668-BE54-9A1E7A4F7556}") = "CQ.CqrsFramework", "CommandQueries\CqrsFramework\CQ.CqrsFramework.csproj", "{B1CCA775-9F19-48E9-91B8-376D471C4C01}"
EndProject
Project("{9A19103F-16F7-4668-BE54-9A1E7A4F7556}") = "CQ.ApplicationServices.Interfaces", "CommandQueries\ApplicationServices.Interfaces\CQ.ApplicationServices.Interfaces.csproj", "{E6FC1315-4883-4DAA-BAE3-78E3FFD5E358}"
EndProject
Project("{9A19103F-16F7-4668-BE54-9A1E7A4F7556}") = "CQ.ApplicationServices.Implementation", "CommandQueries\ApplicationServices.Implementation\CQ.ApplicationServices.Implementation.csproj", "{8605281E-8692-48E7-B3AF-8E8CDBBCFF3E}"
EndProject
Project("{9A19103F-16F7-4668-BE54-9A1E7A4F7556}") = "CQ.WebApi", "CommandQueries\WebApi\CQ.WebApi.csproj", "{C7906327-679A-4844-BE37-27FD4C0ED65E}"
EndProject
Project("{9A19103F-16F7-4668-BE54-9A1E7A4F7556}") = "Layers.Tests", "Layers\Tests\Layers.Tests.csproj", "{183D5748-085B-4BBD-8D88-D58E16BC8C4C}"
EndProject
Project("{FAE04EC0-301F-11D3-BF4B-00C04F79EFBC}") = "Tests", "Handlers\Tests\Tests.csproj", "{E985F4F9-7058-4EB4-A6BD-EBFEE11FFA84}"
EndProject
Global
	GlobalSection(SolutionConfigurationPlatforms) = preSolution
		Debug|Any CPU = Debug|Any CPU
		Release|Any CPU = Release|Any CPU
	EndGlobalSection
	GlobalSection(ProjectConfigurationPlatforms) = postSolution
		{5E8ADAD2-B30A-4F4B-9C88-E70895A2AE79}.Debug|Any CPU.ActiveCfg = Debug|Any CPU
		{5E8ADAD2-B30A-4F4B-9C88-E70895A2AE79}.Debug|Any CPU.Build.0 = Debug|Any CPU
		{5E8ADAD2-B30A-4F4B-9C88-E70895A2AE79}.Release|Any CPU.ActiveCfg = Release|Any CPU
		{5E8ADAD2-B30A-4F4B-9C88-E70895A2AE79}.Release|Any CPU.Build.0 = Release|Any CPU
		{298DD31C-9991-42D9-B18F-ECA2F867FBAC}.Debug|Any CPU.ActiveCfg = Debug|Any CPU
		{298DD31C-9991-42D9-B18F-ECA2F867FBAC}.Debug|Any CPU.Build.0 = Debug|Any CPU
		{298DD31C-9991-42D9-B18F-ECA2F867FBAC}.Release|Any CPU.ActiveCfg = Release|Any CPU
		{298DD31C-9991-42D9-B18F-ECA2F867FBAC}.Release|Any CPU.Build.0 = Release|Any CPU
		{5B04D1B0-95E4-4672-9ED8-0F774DC8A8A4}.Debug|Any CPU.ActiveCfg = Debug|Any CPU
		{5B04D1B0-95E4-4672-9ED8-0F774DC8A8A4}.Debug|Any CPU.Build.0 = Debug|Any CPU
		{5B04D1B0-95E4-4672-9ED8-0F774DC8A8A4}.Release|Any CPU.ActiveCfg = Release|Any CPU
		{5B04D1B0-95E4-4672-9ED8-0F774DC8A8A4}.Release|Any CPU.Build.0 = Release|Any CPU
		{5390395C-3400-4752-B4A8-ACED1172D462}.Debug|Any CPU.ActiveCfg = Debug|Any CPU
		{5390395C-3400-4752-B4A8-ACED1172D462}.Debug|Any CPU.Build.0 = Debug|Any CPU
		{5390395C-3400-4752-B4A8-ACED1172D462}.Release|Any CPU.ActiveCfg = Release|Any CPU
		{5390395C-3400-4752-B4A8-ACED1172D462}.Release|Any CPU.Build.0 = Release|Any CPU
		{2A8DB677-9CB7-4B68-AC5C-E657BF60AD21}.Debug|Any CPU.ActiveCfg = Debug|Any CPU
		{2A8DB677-9CB7-4B68-AC5C-E657BF60AD21}.Debug|Any CPU.Build.0 = Debug|Any CPU
		{2A8DB677-9CB7-4B68-AC5C-E657BF60AD21}.Release|Any CPU.ActiveCfg = Release|Any CPU
		{2A8DB677-9CB7-4B68-AC5C-E657BF60AD21}.Release|Any CPU.Build.0 = Release|Any CPU
		{BACE4BA9-C6E6-40C0-A38D-420BAEFB3571}.Debug|Any CPU.ActiveCfg = Debug|Any CPU
		{BACE4BA9-C6E6-40C0-A38D-420BAEFB3571}.Debug|Any CPU.Build.0 = Debug|Any CPU
		{BACE4BA9-C6E6-40C0-A38D-420BAEFB3571}.Release|Any CPU.ActiveCfg = Release|Any CPU
		{BACE4BA9-C6E6-40C0-A38D-420BAEFB3571}.Release|Any CPU.Build.0 = Release|Any CPU
		{6F436942-4F3E-49E6-9CD1-4655E49E1B33}.Debug|Any CPU.ActiveCfg = Debug|Any CPU
		{6F436942-4F3E-49E6-9CD1-4655E49E1B33}.Debug|Any CPU.Build.0 = Debug|Any CPU
		{6F436942-4F3E-49E6-9CD1-4655E49E1B33}.Release|Any CPU.ActiveCfg = Release|Any CPU
		{6F436942-4F3E-49E6-9CD1-4655E49E1B33}.Release|Any CPU.Build.0 = Release|Any CPU
		{4D6BC797-DD4E-428E-9FE9-3C7483BCAA54}.Debug|Any CPU.ActiveCfg = Debug|Any CPU
		{4D6BC797-DD4E-428E-9FE9-3C7483BCAA54}.Debug|Any CPU.Build.0 = Debug|Any CPU
		{4D6BC797-DD4E-428E-9FE9-3C7483BCAA54}.Release|Any CPU.ActiveCfg = Release|Any CPU
		{4D6BC797-DD4E-428E-9FE9-3C7483BCAA54}.Release|Any CPU.Build.0 = Release|Any CPU
		{B2745584-6214-43A1-87D5-7BB1ADAA38C7}.Debug|Any CPU.ActiveCfg = Debug|Any CPU
		{B2745584-6214-43A1-87D5-7BB1ADAA38C7}.Debug|Any CPU.Build.0 = Debug|Any CPU
		{B2745584-6214-43A1-87D5-7BB1ADAA38C7}.Release|Any CPU.ActiveCfg = Release|Any CPU
		{B2745584-6214-43A1-87D5-7BB1ADAA38C7}.Release|Any CPU.Build.0 = Release|Any CPU
		{591D63D9-3E55-4005-A8B5-9AABB568616A}.Debug|Any CPU.ActiveCfg = Debug|Any CPU
		{591D63D9-3E55-4005-A8B5-9AABB568616A}.Debug|Any CPU.Build.0 = Debug|Any CPU
		{591D63D9-3E55-4005-A8B5-9AABB568616A}.Release|Any CPU.ActiveCfg = Release|Any CPU
		{591D63D9-3E55-4005-A8B5-9AABB568616A}.Release|Any CPU.Build.0 = Release|Any CPU
		{EAA37695-379A-4A60-8DEB-06FBEE21DB22}.Debug|Any CPU.ActiveCfg = Debug|Any CPU
		{EAA37695-379A-4A60-8DEB-06FBEE21DB22}.Debug|Any CPU.Build.0 = Debug|Any CPU
		{EAA37695-379A-4A60-8DEB-06FBEE21DB22}.Release|Any CPU.ActiveCfg = Release|Any CPU
		{EAA37695-379A-4A60-8DEB-06FBEE21DB22}.Release|Any CPU.Build.0 = Release|Any CPU
		{57907590-E711-4EA1-8374-8789092BC441}.Debug|Any CPU.ActiveCfg = Debug|Any CPU
		{57907590-E711-4EA1-8374-8789092BC441}.Debug|Any CPU.Build.0 = Debug|Any CPU
		{57907590-E711-4EA1-8374-8789092BC441}.Release|Any CPU.ActiveCfg = Release|Any CPU
		{57907590-E711-4EA1-8374-8789092BC441}.Release|Any CPU.Build.0 = Release|Any CPU
		{19F8A6DA-278C-4134-83C4-48B7B353A6D0}.Debug|Any CPU.ActiveCfg = Debug|Any CPU
		{19F8A6DA-278C-4134-83C4-48B7B353A6D0}.Debug|Any CPU.Build.0 = Debug|Any CPU
		{19F8A6DA-278C-4134-83C4-48B7B353A6D0}.Release|Any CPU.ActiveCfg = Release|Any CPU
		{19F8A6DA-278C-4134-83C4-48B7B353A6D0}.Release|Any CPU.Build.0 = Release|Any CPU
		{1214B5AD-062C-470E-BD9A-B4249BF87418}.Debug|Any CPU.ActiveCfg = Debug|Any CPU
		{1214B5AD-062C-470E-BD9A-B4249BF87418}.Debug|Any CPU.Build.0 = Debug|Any CPU
		{1214B5AD-062C-470E-BD9A-B4249BF87418}.Release|Any CPU.ActiveCfg = Release|Any CPU
		{1214B5AD-062C-470E-BD9A-B4249BF87418}.Release|Any CPU.Build.0 = Release|Any CPU
		{E5D77D0A-31E5-43B8-8DC8-0B92E8492EBF}.Debug|Any CPU.ActiveCfg = Debug|Any CPU
		{E5D77D0A-31E5-43B8-8DC8-0B92E8492EBF}.Debug|Any CPU.Build.0 = Debug|Any CPU
		{E5D77D0A-31E5-43B8-8DC8-0B92E8492EBF}.Release|Any CPU.ActiveCfg = Release|Any CPU
		{E5D77D0A-31E5-43B8-8DC8-0B92E8492EBF}.Release|Any CPU.Build.0 = Release|Any CPU
		{486D0376-06B5-4C0A-BCA4-5A67780B9758}.Debug|Any CPU.ActiveCfg = Debug|Any CPU
		{486D0376-06B5-4C0A-BCA4-5A67780B9758}.Debug|Any CPU.Build.0 = Debug|Any CPU
		{486D0376-06B5-4C0A-BCA4-5A67780B9758}.Release|Any CPU.ActiveCfg = Release|Any CPU
		{486D0376-06B5-4C0A-BCA4-5A67780B9758}.Release|Any CPU.Build.0 = Release|Any CPU
		{711E73FD-9787-4749-9668-63B4AABD3C7B}.Debug|Any CPU.ActiveCfg = Debug|Any CPU
		{711E73FD-9787-4749-9668-63B4AABD3C7B}.Debug|Any CPU.Build.0 = Debug|Any CPU
		{711E73FD-9787-4749-9668-63B4AABD3C7B}.Release|Any CPU.ActiveCfg = Release|Any CPU
		{711E73FD-9787-4749-9668-63B4AABD3C7B}.Release|Any CPU.Build.0 = Release|Any CPU
		{CBF1A4F1-1438-4004-B6EC-2BFF943AC6EF}.Debug|Any CPU.ActiveCfg = Debug|Any CPU
		{CBF1A4F1-1438-4004-B6EC-2BFF943AC6EF}.Debug|Any CPU.Build.0 = Debug|Any CPU
		{CBF1A4F1-1438-4004-B6EC-2BFF943AC6EF}.Release|Any CPU.ActiveCfg = Release|Any CPU
		{CBF1A4F1-1438-4004-B6EC-2BFF943AC6EF}.Release|Any CPU.Build.0 = Release|Any CPU
		{B1CCA775-9F19-48E9-91B8-376D471C4C01}.Debug|Any CPU.ActiveCfg = Debug|Any CPU
		{B1CCA775-9F19-48E9-91B8-376D471C4C01}.Debug|Any CPU.Build.0 = Debug|Any CPU
		{B1CCA775-9F19-48E9-91B8-376D471C4C01}.Release|Any CPU.ActiveCfg = Release|Any CPU
		{B1CCA775-9F19-48E9-91B8-376D471C4C01}.Release|Any CPU.Build.0 = Release|Any CPU
		{E6FC1315-4883-4DAA-BAE3-78E3FFD5E358}.Debug|Any CPU.ActiveCfg = Debug|Any CPU
		{E6FC1315-4883-4DAA-BAE3-78E3FFD5E358}.Debug|Any CPU.Build.0 = Debug|Any CPU
		{E6FC1315-4883-4DAA-BAE3-78E3FFD5E358}.Release|Any CPU.ActiveCfg = Release|Any CPU
		{E6FC1315-4883-4DAA-BAE3-78E3FFD5E358}.Release|Any CPU.Build.0 = Release|Any CPU
		{8605281E-8692-48E7-B3AF-8E8CDBBCFF3E}.Debug|Any CPU.ActiveCfg = Debug|Any CPU
		{8605281E-8692-48E7-B3AF-8E8CDBBCFF3E}.Debug|Any CPU.Build.0 = Debug|Any CPU
		{8605281E-8692-48E7-B3AF-8E8CDBBCFF3E}.Release|Any CPU.ActiveCfg = Release|Any CPU
		{8605281E-8692-48E7-B3AF-8E8CDBBCFF3E}.Release|Any CPU.Build.0 = Release|Any CPU
		{C7906327-679A-4844-BE37-27FD4C0ED65E}.Debug|Any CPU.ActiveCfg = Debug|Any CPU
		{C7906327-679A-4844-BE37-27FD4C0ED65E}.Debug|Any CPU.Build.0 = Debug|Any CPU
		{C7906327-679A-4844-BE37-27FD4C0ED65E}.Release|Any CPU.ActiveCfg = Release|Any CPU
		{C7906327-679A-4844-BE37-27FD4C0ED65E}.Release|Any CPU.Build.0 = Release|Any CPU
		{183D5748-085B-4BBD-8D88-D58E16BC8C4C}.Debug|Any CPU.ActiveCfg = Debug|Any CPU
		{183D5748-085B-4BBD-8D88-D58E16BC8C4C}.Debug|Any CPU.Build.0 = Debug|Any CPU
		{183D5748-085B-4BBD-8D88-D58E16BC8C4C}.Release|Any CPU.ActiveCfg = Release|Any CPU
		{183D5748-085B-4BBD-8D88-D58E16BC8C4C}.Release|Any CPU.Build.0 = Release|Any CPU
		{E985F4F9-7058-4EB4-A6BD-EBFEE11FFA84}.Debug|Any CPU.ActiveCfg = Debug|Any CPU
		{E985F4F9-7058-4EB4-A6BD-EBFEE11FFA84}.Debug|Any CPU.Build.0 = Debug|Any CPU
		{E985F4F9-7058-4EB4-A6BD-EBFEE11FFA84}.Release|Any CPU.ActiveCfg = Release|Any CPU
		{E985F4F9-7058-4EB4-A6BD-EBFEE11FFA84}.Release|Any CPU.Build.0 = Release|Any CPU
	EndGlobalSection
	GlobalSection(SolutionProperties) = preSolution
		HideSolutionNode = FALSE
	EndGlobalSection
	GlobalSection(NestedProjects) = preSolution
		{5E8ADAD2-B30A-4F4B-9C88-E70895A2AE79} = {B0269DAE-B0B4-4880-93C1-17246329C9CD}
		{298DD31C-9991-42D9-B18F-ECA2F867FBAC} = {B0269DAE-B0B4-4880-93C1-17246329C9CD}
		{5B04D1B0-95E4-4672-9ED8-0F774DC8A8A4} = {B0269DAE-B0B4-4880-93C1-17246329C9CD}
		{5390395C-3400-4752-B4A8-ACED1172D462} = {B0269DAE-B0B4-4880-93C1-17246329C9CD}
		{2A8DB677-9CB7-4B68-AC5C-E657BF60AD21} = {B0269DAE-B0B4-4880-93C1-17246329C9CD}
		{BACE4BA9-C6E6-40C0-A38D-420BAEFB3571} = {B0269DAE-B0B4-4880-93C1-17246329C9CD}
		{6F436942-4F3E-49E6-9CD1-4655E49E1B33} = {D19DEC3E-E39D-4E9D-9874-BB45C3D3CB91}
		{4D6BC797-DD4E-428E-9FE9-3C7483BCAA54} = {D19DEC3E-E39D-4E9D-9874-BB45C3D3CB91}
		{B2745584-6214-43A1-87D5-7BB1ADAA38C7} = {D19DEC3E-E39D-4E9D-9874-BB45C3D3CB91}
		{591D63D9-3E55-4005-A8B5-9AABB568616A} = {D19DEC3E-E39D-4E9D-9874-BB45C3D3CB91}
		{EAA37695-379A-4A60-8DEB-06FBEE21DB22} = {D19DEC3E-E39D-4E9D-9874-BB45C3D3CB91}
		{57907590-E711-4EA1-8374-8789092BC441} = {D19DEC3E-E39D-4E9D-9874-BB45C3D3CB91}
		{19F8A6DA-278C-4134-83C4-48B7B353A6D0} = {D19DEC3E-E39D-4E9D-9874-BB45C3D3CB91}
		{1214B5AD-062C-470E-BD9A-B4249BF87418} = {D19DEC3E-E39D-4E9D-9874-BB45C3D3CB91}
		{E5D77D0A-31E5-43B8-8DC8-0B92E8492EBF} = {8D379D7F-7773-44DD-A736-04A83816A783}
		{486D0376-06B5-4C0A-BCA4-5A67780B9758} = {8D379D7F-7773-44DD-A736-04A83816A783}
		{711E73FD-9787-4749-9668-63B4AABD3C7B} = {8D379D7F-7773-44DD-A736-04A83816A783}
		{CBF1A4F1-1438-4004-B6EC-2BFF943AC6EF} = {8D379D7F-7773-44DD-A736-04A83816A783}
		{B1CCA775-9F19-48E9-91B8-376D471C4C01} = {8D379D7F-7773-44DD-A736-04A83816A783}
		{E6FC1315-4883-4DAA-BAE3-78E3FFD5E358} = {8D379D7F-7773-44DD-A736-04A83816A783}
		{8605281E-8692-48E7-B3AF-8E8CDBBCFF3E} = {8D379D7F-7773-44DD-A736-04A83816A783}
		{C7906327-679A-4844-BE37-27FD4C0ED65E} = {8D379D7F-7773-44DD-A736-04A83816A783}
		{183D5748-085B-4BBD-8D88-D58E16BC8C4C} = {B0269DAE-B0B4-4880-93C1-17246329C9CD}
		{E985F4F9-7058-4EB4-A6BD-EBFEE11FFA84} = {D19DEC3E-E39D-4E9D-9874-BB45C3D3CB91}
	EndGlobalSection
	GlobalSection(ExtensibilityGlobals) = postSolution
		SolutionGuid = {737C994D-88B7-45FA-BB37-85AC1852BFA5}
	EndGlobalSection
EndGlobal
